
Microsoft Visual Studio Solution File, Format Version 12.00
# Visual Studio 14
VisualStudioVersion = 14.0.23107.0
MinimumVisualStudioVersion = 10.0.40219.1
Project("{8BC9CEB8-8B4A-11D0-8D11-00A0C91BC942}") = "test01", "test01\test01.vcxproj", "{E0DDA6AA-9B38-4E7E-B1E9-3DCE7532A1C8}"
EndProject
Project("{8BC9CEB8-8B4A-11D0-8D11-00A0C91BC942}") = "test02", "test02\test02.vcxproj", "{27E80166-94FF-4E78-9416-4D6220131D00}"
EndProject
Project("{8BC9CEB8-8B4A-11D0-8D11-00A0C91BC942}") = "test03", "test03\test03.vcxproj", "{D5698010-95F6-4E19-9EAE-49B117AC6036}"
EndProject
Project("{8BC9CEB8-8B4A-11D0-8D11-00A0C91BC942}") = "test04", "test04\test04.vcxproj", "{C0953CFC-B009-46C9-B8F7-98EF9F16488D}"
EndProject
Project("{8BC9CEB8-8B4A-11D0-8D11-00A0C91BC942}") = "test05", "test05\test05.vcxproj", "{76D3484E-FC27-4BB6-9B87-7556DE1761B4}"
EndProject
Project("{8BC9CEB8-8B4A-11D0-8D11-00A0C91BC942}") = "test06", "test06\test06.vcxproj", "{3D99895B-37B0-4B53-96C9-8ADDDFB3A3AF}"
EndProject
Global
	GlobalSection(SolutionConfigurationPlatforms) = preSolution
		Debug MX|x64 = Debug MX|x64
		Debug MX|x86 = Debug MX|x86
		Debug|x64 = Debug|x64
		Debug|x86 = Debug|x86
		MinSizeRel|x64 = MinSizeRel|x64
		MinSizeRel|x86 = MinSizeRel|x86
		Release MX|x64 = Release MX|x64
		Release MX|x86 = Release MX|x86
		Release|x64 = Release|x64
		Release|x86 = Release|x86
		RelWithDebInfo|x64 = RelWithDebInfo|x64
		RelWithDebInfo|x86 = RelWithDebInfo|x86
	EndGlobalSection
	GlobalSection(ProjectConfigurationPlatforms) = postSolution
		{E0DDA6AA-9B38-4E7E-B1E9-3DCE7532A1C8}.Debug MX|x64.ActiveCfg = Debug|x64
		{E0DDA6AA-9B38-4E7E-B1E9-3DCE7532A1C8}.Debug MX|x64.Build.0 = Debug|x64
		{E0DDA6AA-9B38-4E7E-B1E9-3DCE7532A1C8}.Debug MX|x86.ActiveCfg = Debug|Win32
		{E0DDA6AA-9B38-4E7E-B1E9-3DCE7532A1C8}.Debug MX|x86.Build.0 = Debug|Win32
		{E0DDA6AA-9B38-4E7E-B1E9-3DCE7532A1C8}.Debug|x64.ActiveCfg = Debug|x64
		{E0DDA6AA-9B38-4E7E-B1E9-3DCE7532A1C8}.Debug|x64.Build.0 = Debug|x64
		{E0DDA6AA-9B38-4E7E-B1E9-3DCE7532A1C8}.Debug|x86.ActiveCfg = Debug|Win32
		{E0DDA6AA-9B38-4E7E-B1E9-3DCE7532A1C8}.Debug|x86.Build.0 = Debug|Win32
		{E0DDA6AA-9B38-4E7E-B1E9-3DCE7532A1C8}.MinSizeRel|x64.ActiveCfg = Release|x64
		{E0DDA6AA-9B38-4E7E-B1E9-3DCE7532A1C8}.MinSizeRel|x64.Build.0 = Release|x64
		{E0DDA6AA-9B38-4E7E-B1E9-3DCE7532A1C8}.MinSizeRel|x86.ActiveCfg = Release|Win32
		{E0DDA6AA-9B38-4E7E-B1E9-3DCE7532A1C8}.MinSizeRel|x86.Build.0 = Release|Win32
		{E0DDA6AA-9B38-4E7E-B1E9-3DCE7532A1C8}.Release MX|x64.ActiveCfg = Release|x64
		{E0DDA6AA-9B38-4E7E-B1E9-3DCE7532A1C8}.Release MX|x64.Build.0 = Release|x64
		{E0DDA6AA-9B38-4E7E-B1E9-3DCE7532A1C8}.Release MX|x86.ActiveCfg = Release|Win32
		{E0DDA6AA-9B38-4E7E-B1E9-3DCE7532A1C8}.Release MX|x86.Build.0 = Release|Win32
		{E0DDA6AA-9B38-4E7E-B1E9-3DCE7532A1C8}.Release|x64.ActiveCfg = Release|x64
		{E0DDA6AA-9B38-4E7E-B1E9-3DCE7532A1C8}.Release|x64.Build.0 = Release|x64
		{E0DDA6AA-9B38-4E7E-B1E9-3DCE7532A1C8}.Release|x86.ActiveCfg = Release|Win32
		{E0DDA6AA-9B38-4E7E-B1E9-3DCE7532A1C8}.Release|x86.Build.0 = Release|Win32
		{E0DDA6AA-9B38-4E7E-B1E9-3DCE7532A1C8}.RelWithDebInfo|x64.ActiveCfg = Release|x64
		{E0DDA6AA-9B38-4E7E-B1E9-3DCE7532A1C8}.RelWithDebInfo|x64.Build.0 = Release|x64
		{E0DDA6AA-9B38-4E7E-B1E9-3DCE7532A1C8}.RelWithDebInfo|x86.ActiveCfg = Release|Win32
		{E0DDA6AA-9B38-4E7E-B1E9-3DCE7532A1C8}.RelWithDebInfo|x86.Build.0 = Release|Win32
		{27E80166-94FF-4E78-9416-4D6220131D00}.Debug MX|x64.ActiveCfg = Debug|x64
		{27E80166-94FF-4E78-9416-4D6220131D00}.Debug MX|x64.Build.0 = Debug|x64
		{27E80166-94FF-4E78-9416-4D6220131D00}.Debug MX|x86.ActiveCfg = Debug|Win32
		{27E80166-94FF-4E78-9416-4D6220131D00}.Debug MX|x86.Build.0 = Debug|Win32
		{27E80166-94FF-4E78-9416-4D6220131D00}.Debug|x64.ActiveCfg = Debug|x64
		{27E80166-94FF-4E78-9416-4D6220131D00}.Debug|x64.Build.0 = Debug|x64
		{27E80166-94FF-4E78-9416-4D6220131D00}.Debug|x86.ActiveCfg = Debug|Win32
		{27E80166-94FF-4E78-9416-4D6220131D00}.Debug|x86.Build.0 = Debug|Win32
		{27E80166-94FF-4E78-9416-4D6220131D00}.MinSizeRel|x64.ActiveCfg = Release|x64
		{27E80166-94FF-4E78-9416-4D6220131D00}.MinSizeRel|x64.Build.0 = Release|x64
		{27E80166-94FF-4E78-9416-4D6220131D00}.MinSizeRel|x86.ActiveCfg = Release|Win32
		{27E80166-94FF-4E78-9416-4D6220131D00}.MinSizeRel|x86.Build.0 = Release|Win32
		{27E80166-94FF-4E78-9416-4D6220131D00}.Release MX|x64.ActiveCfg = Release|x64
		{27E80166-94FF-4E78-9416-4D6220131D00}.Release MX|x64.Build.0 = Release|x64
		{27E80166-94FF-4E78-9416-4D6220131D00}.Release MX|x86.ActiveCfg = Release|Win32
		{27E80166-94FF-4E78-9416-4D6220131D00}.Release MX|x86.Build.0 = Release|Win32
		{27E80166-94FF-4E78-9416-4D6220131D00}.Release|x64.ActiveCfg = Release|x64
		{27E80166-94FF-4E78-9416-4D6220131D00}.Release|x64.Build.0 = Release|x64
		{27E80166-94FF-4E78-9416-4D6220131D00}.Release|x86.ActiveCfg = Release|Win32
		{27E80166-94FF-4E78-9416-4D6220131D00}.Release|x86.Build.0 = Release|Win32
		{27E80166-94FF-4E78-9416-4D6220131D00}.RelWithDebInfo|x64.ActiveCfg = Release|x64
		{27E80166-94FF-4E78-9416-4D6220131D00}.RelWithDebInfo|x64.Build.0 = Release|x64
		{27E80166-94FF-4E78-9416-4D6220131D00}.RelWithDebInfo|x86.ActiveCfg = Release|Win32
		{27E80166-94FF-4E78-9416-4D6220131D00}.RelWithDebInfo|x86.Build.0 = Release|Win32
		{D5698010-95F6-4E19-9EAE-49B117AC6036}.Debug MX|x64.ActiveCfg = Debug|x64
		{D5698010-95F6-4E19-9EAE-49B117AC6036}.Debug MX|x64.Build.0 = Debug|x64
		{D5698010-95F6-4E19-9EAE-49B117AC6036}.Debug MX|x86.ActiveCfg = Debug|Win32
		{D5698010-95F6-4E19-9EAE-49B117AC6036}.Debug MX|x86.Build.0 = Debug|Win32
		{D5698010-95F6-4E19-9EAE-49B117AC6036}.Debug|x64.ActiveCfg = Debug|x64
		{D5698010-95F6-4E19-9EAE-49B117AC6036}.Debug|x64.Build.0 = Debug|x64
		{D5698010-95F6-4E19-9EAE-49B117AC6036}.Debug|x86.ActiveCfg = Debug|Win32
		{D5698010-95F6-4E19-9EAE-49B117AC6036}.Debug|x86.Build.0 = Debug|Win32
		{D5698010-95F6-4E19-9EAE-49B117AC6036}.MinSizeRel|x64.ActiveCfg = Release|x64
		{D5698010-95F6-4E19-9EAE-49B117AC6036}.MinSizeRel|x64.Build.0 = Release|x64
		{D5698010-95F6-4E19-9EAE-49B117AC6036}.MinSizeRel|x86.ActiveCfg = Release|Win32
		{D5698010-95F6-4E19-9EAE-49B117AC6036}.MinSizeRel|x86.Build.0 = Release|Win32
		{D5698010-95F6-4E19-9EAE-49B117AC6036}.Release MX|x64.ActiveCfg = Release|x64
		{D5698010-95F6-4E19-9EAE-49B117AC6036}.Release MX|x64.Build.0 = Release|x64
		{D5698010-95F6-4E19-9EAE-49B117AC6036}.Release MX|x86.ActiveCfg = Release|Win32
		{D5698010-95F6-4E19-9EAE-49B117AC6036}.Release MX|x86.Build.0 = Release|Win32
		{D5698010-95F6-4E19-9EAE-49B117AC6036}.Release|x64.ActiveCfg = Release|x64
		{D5698010-95F6-4E19-9EAE-49B117AC6036}.Release|x64.Build.0 = Release|x64
		{D5698010-95F6-4E19-9EAE-49B117AC6036}.Release|x86.ActiveCfg = Release|Win32
		{D5698010-95F6-4E19-9EAE-49B117AC6036}.Release|x86.Build.0 = Release|Win32
		{D5698010-95F6-4E19-9EAE-49B117AC6036}.RelWithDebInfo|x64.ActiveCfg = Release|x64
		{D5698010-95F6-4E19-9EAE-49B117AC6036}.RelWithDebInfo|x64.Build.0 = Release|x64
		{D5698010-95F6-4E19-9EAE-49B117AC6036}.RelWithDebInfo|x86.ActiveCfg = Release|Win32
		{D5698010-95F6-4E19-9EAE-49B117AC6036}.RelWithDebInfo|x86.Build.0 = Release|Win32
		{C0953CFC-B009-46C9-B8F7-98EF9F16488D}.Debug MX|x64.ActiveCfg = Debug|x64
		{C0953CFC-B009-46C9-B8F7-98EF9F16488D}.Debug MX|x64.Build.0 = Debug|x64
		{C0953CFC-B009-46C9-B8F7-98EF9F16488D}.Debug MX|x86.ActiveCfg = Debug|Win32
		{C0953CFC-B009-46C9-B8F7-98EF9F16488D}.Debug MX|x86.Build.0 = Debug|Win32
		{C0953CFC-B009-46C9-B8F7-98EF9F16488D}.Debug|x64.ActiveCfg = Debug|x64
		{C0953CFC-B009-46C9-B8F7-98EF9F16488D}.Debug|x64.Build.0 = Debug|x64
		{C0953CFC-B009-46C9-B8F7-98EF9F16488D}.Debug|x86.ActiveCfg = Debug|Win32
		{C0953CFC-B009-46C9-B8F7-98EF9F16488D}.Debug|x86.Build.0 = Debug|Win32
		{C0953CFC-B009-46C9-B8F7-98EF9F16488D}.MinSizeRel|x64.ActiveCfg = Release|x64
		{C0953CFC-B009-46C9-B8F7-98EF9F16488D}.MinSizeRel|x64.Build.0 = Release|x64
		{C0953CFC-B009-46C9-B8F7-98EF9F16488D}.MinSizeRel|x86.ActiveCfg = Release|Win32
		{C0953CFC-B009-46C9-B8F7-98EF9F16488D}.MinSizeRel|x86.Build.0 = Release|Win32
		{C0953CFC-B009-46C9-B8F7-98EF9F16488D}.Release MX|x64.ActiveCfg = Release|x64
		{C0953CFC-B009-46C9-B8F7-98EF9F16488D}.Release MX|x64.Build.0 = Release|x64
		{C0953CFC-B009-46C9-B8F7-98EF9F16488D}.Release MX|x86.ActiveCfg = Release|Win32
		{C0953CFC-B009-46C9-B8F7-98EF9F16488D}.Release MX|x86.Build.0 = Release|Win32
		{C0953CFC-B009-46C9-B8F7-98EF9F16488D}.Release|x64.ActiveCfg = Release|x64
		{C0953CFC-B009-46C9-B8F7-98EF9F16488D}.Release|x64.Build.0 = Release|x64
		{C0953CFC-B009-46C9-B8F7-98EF9F16488D}.Release|x86.ActiveCfg = Release|Win32
		{C0953CFC-B009-46C9-B8F7-98EF9F16488D}.Release|x86.Build.0 = Release|Win32
		{C0953CFC-B009-46C9-B8F7-98EF9F16488D}.RelWithDebInfo|x64.ActiveCfg = Release|x64
		{C0953CFC-B009-46C9-B8F7-98EF9F16488D}.RelWithDebInfo|x64.Build.0 = Release|x64
		{C0953CFC-B009-46C9-B8F7-98EF9F16488D}.RelWithDebInfo|x86.ActiveCfg = Release|Win32
		{C0953CFC-B009-46C9-B8F7-98EF9F16488D}.RelWithDebInfo|x86.Build.0 = Release|Win32
		{76D3484E-FC27-4BB6-9B87-7556DE1761B4}.Debug MX|x64.ActiveCfg = Debug|x64
		{76D3484E-FC27-4BB6-9B87-7556DE1761B4}.Debug MX|x64.Build.0 = Debug|x64
		{76D3484E-FC27-4BB6-9B87-7556DE1761B4}.Debug MX|x86.ActiveCfg = Debug|Win32
		{76D3484E-FC27-4BB6-9B87-7556DE1761B4}.Debug MX|x86.Build.0 = Debug|Win32
		{76D3484E-FC27-4BB6-9B87-7556DE1761B4}.Debug|x64.ActiveCfg = Debug|x64
		{76D3484E-FC27-4BB6-9B87-7556DE1761B4}.Debug|x64.Build.0 = Debug|x64
		{76D3484E-FC27-4BB6-9B87-7556DE1761B4}.Debug|x86.ActiveCfg = Debug|Win32
		{76D3484E-FC27-4BB6-9B87-7556DE1761B4}.Debug|x86.Build.0 = Debug|Win32
		{76D3484E-FC27-4BB6-9B87-7556DE1761B4}.MinSizeRel|x64.ActiveCfg = Release|x64
		{76D3484E-FC27-4BB6-9B87-7556DE1761B4}.MinSizeRel|x64.Build.0 = Release|x64
		{76D3484E-FC27-4BB6-9B87-7556DE1761B4}.MinSizeRel|x86.ActiveCfg = Release|Win32
		{76D3484E-FC27-4BB6-9B87-7556DE1761B4}.MinSizeRel|x86.Build.0 = Release|Win32
		{76D3484E-FC27-4BB6-9B87-7556DE1761B4}.Release MX|x64.ActiveCfg = Release|x64
		{76D3484E-FC27-4BB6-9B87-7556DE1761B4}.Release MX|x64.Build.0 = Release|x64
		{76D3484E-FC27-4BB6-9B87-7556DE1761B4}.Release MX|x86.ActiveCfg = Release|Win32
		{76D3484E-FC27-4BB6-9B87-7556DE1761B4}.Release MX|x86.Build.0 = Release|Win32
		{76D3484E-FC27-4BB6-9B87-7556DE1761B4}.Release|x64.ActiveCfg = Release|x64
		{76D3484E-FC27-4BB6-9B87-7556DE1761B4}.Release|x64.Build.0 = Release|x64
		{76D3484E-FC27-4BB6-9B87-7556DE1761B4}.Release|x86.ActiveCfg = Release|Win32
		{76D3484E-FC27-4BB6-9B87-7556DE1761B4}.Release|x86.Build.0 = Release|Win32
		{76D3484E-FC27-4BB6-9B87-7556DE1761B4}.RelWithDebInfo|x64.ActiveCfg = Release|x64
		{76D3484E-FC27-4BB6-9B87-7556DE1761B4}.RelWithDebInfo|x64.Build.0 = Release|x64
		{76D3484E-FC27-4BB6-9B87-7556DE1761B4}.RelWithDebInfo|x86.ActiveCfg = Release|Win32
		{76D3484E-FC27-4BB6-9B87-7556DE1761B4}.RelWithDebInfo|x86.Build.0 = Release|Win32
		{3D99895B-37B0-4B53-96C9-8ADDDFB3A3AF}.Debug MX|x64.ActiveCfg = Debug|x64
		{3D99895B-37B0-4B53-96C9-8ADDDFB3A3AF}.Debug MX|x64.Build.0 = Debug|x64
		{3D99895B-37B0-4B53-96C9-8ADDDFB3A3AF}.Debug MX|x86.ActiveCfg = Debug|Win32
		{3D99895B-37B0-4B53-96C9-8ADDDFB3A3AF}.Debug MX|x86.Build.0 = Debug|Win32
		{3D99895B-37B0-4B53-96C9-8ADDDFB3A3AF}.Debug|x64.ActiveCfg = Debug|x64
		{3D99895B-37B0-4B53-96C9-8ADDDFB3A3AF}.Debug|x64.Build.0 = Debug|x64
		{3D99895B-37B0-4B53-96C9-8ADDDFB3A3AF}.Debug|x86.ActiveCfg = Debug|Win32
		{3D99895B-37B0-4B53-96C9-8ADDDFB3A3AF}.Debug|x86.Build.0 = Debug|Win32
		{3D99895B-37B0-4B53-96C9-8ADDDFB3A3AF}.MinSizeRel|x64.ActiveCfg = Release|x64
		{3D99895B-37B0-4B53-96C9-8ADDDFB3A3AF}.MinSizeRel|x64.Build.0 = Release|x64
		{3D99895B-37B0-4B53-96C9-8ADDDFB3A3AF}.MinSizeRel|x86.ActiveCfg = Release|Win32
		{3D99895B-37B0-4B53-96C9-8ADDDFB3A3AF}.MinSizeRel|x86.Build.0 = Release|Win32
		{3D99895B-37B0-4B53-96C9-8ADDDFB3A3AF}.Release MX|x64.ActiveCfg = Release|x64
		{3D99895B-37B0-4B53-96C9-8ADDDFB3A3AF}.Release MX|x64.Build.0 = Release|x64
		{3D99895B-37B0-4B53-96C9-8ADDDFB3A3AF}.Release MX|x86.ActiveCfg = Release|Win32
		{3D99895B-37B0-4B53-96C9-8ADDDFB3A3AF}.Release MX|x86.Build.0 = Release|Win32
		{3D99895B-37B0-4B53-96C9-8ADDDFB3A3AF}.Release|x64.ActiveCfg = Release|x64
		{3D99895B-37B0-4B53-96C9-8ADDDFB3A3AF}.Release|x64.Build.0 = Release|x64
		{3D99895B-37B0-4B53-96C9-8ADDDFB3A3AF}.Release|x86.ActiveCfg = Release|Win32
		{3D99895B-37B0-4B53-96C9-8ADDDFB3A3AF}.Release|x86.Build.0 = Release|Win32
		{3D99895B-37B0-4B53-96C9-8ADDDFB3A3AF}.RelWithDebInfo|x64.ActiveCfg = Release|x64
		{3D99895B-37B0-4B53-96C9-8ADDDFB3A3AF}.RelWithDebInfo|x64.Build.0 = Release|x64
		{3D99895B-37B0-4B53-96C9-8ADDDFB3A3AF}.RelWithDebInfo|x86.ActiveCfg = Release|Win32
		{3D99895B-37B0-4B53-96C9-8ADDDFB3A3AF}.RelWithDebInfo|x86.Build.0 = Release|Win32
	EndGlobalSection
	GlobalSection(SolutionProperties) = preSolution
		HideSolutionNode = FALSE
	EndGlobalSection
EndGlobal
