<?xml version="1.0" encoding="utf-8"?>
<Project ToolsVersion="4.0" xmlns="http://schemas.microsoft.com/developer/msbuild/2003">
  <ItemGroup>
    <ClInclude Include="GraphEdge.h" />
    <ClInclude Include="GraphNode.h" />
    <ClInclude Include="SparseGraph.h" />
    <ClInclude Include="Enumerator.h" />
  </ItemGroup>
  <ItemGroup>
    <ClCompile Include="main.cpp" />
  </ItemGroup>
</Project>